
Microsoft Visual Studio Solution File, Format Version 12.00
# Visual Studio Version 16
VisualStudioVersion = 16.0.31019.194
MinimumVisualStudioVersion = 10.0.40219.1
Project("{FAE04EC0-301F-11D3-BF4B-00C04F79EFBC}") = "WindowsFormsApp1", "WindowsFormsApp1\WindowsFormsApp1.csproj", "{6AD79EEA-FCC5-4630-97AC-E2225499DF24}"
EndProject
Global
	GlobalSection(SolutionConfigurationPlatforms) = preSolution
		Debug|Any CPU = Debug|Any CPU
		Release|Any CPU = Release|Any CPU
	EndGlobalSection
	GlobalSection(ProjectConfigurationPlatforms) = postSolution
		{6AD79EEA-FCC5-4630-97AC-E2225499DF24}.Debug|Any CPU.ActiveCfg = Debug|Any CPU
		{6AD79EEA-FCC5-4630-97AC-E2225499DF24}.Debug|Any CPU.Build.0 = Debug|Any CPU
		{6AD79EEA-FCC5-4630-97AC-E2225499DF24}.Release|Any CPU.ActiveCfg = Release|Any CPU
		{6AD79EEA-FCC5-4630-97AC-E2225499DF24}.Release|Any CPU.Build.0 = Release|Any CPU
	EndGlobalSection
	GlobalSection(SolutionProperties) = preSolution
		HideSolutionNode = FALSE
	EndGlobalSection
	GlobalSection(ExtensibilityGlobals) = postSolution
		SolutionGuid = {45054B21-B365-46C6-A93D-2E4A0D189633}
	EndGlobalSection
EndGlobal
